// !$*UTF8*$!
{
	archiveVersion = 1;
	classes = {
	};
	objectVersion = 46;
	objects = {

/* Begin PBXBuildFile section */
		0E0F677C34110A19DE0606A6 /* Pods.framework in Frameworks */ = {isa = PBXBuildFile; fileRef = 8E33AF7EC9D660BEF0C529EF /* Pods.framework */; };
		669D24AC1BC793DA0087C306 /* BaseViewController.swift in Sources */ = {isa = PBXBuildFile; fileRef = 669D24AB1BC793DA0087C306 /* BaseViewController.swift */; };
		66D324241B9D21BB001BBD9B /* View1Controller.swift in Sources */ = {isa = PBXBuildFile; fileRef = 66D324231B9D21BB001BBD9B /* View1Controller.swift */; };
		66D324261B9D22B5001BBD9B /* View2Controller.swift in Sources */ = {isa = PBXBuildFile; fileRef = 66D324251B9D22B5001BBD9B /* View2Controller.swift */; };
		78E75F421AC5FC48001A93F1 /* AppDelegate.swift in Sources */ = {isa = PBXBuildFile; fileRef = 78E75F411AC5FC48001A93F1 /* AppDelegate.swift */; };
		78E75F441AC5FC48001A93F1 /* ViewController.swift in Sources */ = {isa = PBXBuildFile; fileRef = 78E75F431AC5FC48001A93F1 /* ViewController.swift */; };
		78E75F471AC5FC48001A93F1 /* Main.storyboard in Resources */ = {isa = PBXBuildFile; fileRef = 78E75F451AC5FC48001A93F1 /* Main.storyboard */; };
		78E75F491AC5FC48001A93F1 /* Images.xcassets in Resources */ = {isa = PBXBuildFile; fileRef = 78E75F481AC5FC48001A93F1 /* Images.xcassets */; };
		78E75F4C1AC5FC48001A93F1 /* LaunchScreen.xib in Resources */ = {isa = PBXBuildFile; fileRef = 78E75F4A1AC5FC48001A93F1 /* LaunchScreen.xib */; };
		78E75F581AC5FC48001A93F1 /* UIPageViewControllerTests.swift in Sources */ = {isa = PBXBuildFile; fileRef = 78E75F571AC5FC48001A93F1 /* UIPageViewControllerTests.swift */; };
		C72C0C351BEB1664007463FD /* Spring.framework in Frameworks */ = {isa = PBXBuildFile; fileRef = C72C0C341BEB1664007463FD /* Spring.framework */; };
		C72C0C371BEB1669007463FD /* ActionSheetPicker_3_0.framework in Frameworks */ = {isa = PBXBuildFile; fileRef = C72C0C361BEB1669007463FD /* ActionSheetPicker_3_0.framework */; };
		C72C0C391BEB2416007463FD /* TelerikAppFeedback.framework in Frameworks */ = {isa = PBXBuildFile; fileRef = C72C0C381BEB2416007463FD /* TelerikAppFeedback.framework */; };
		C72C0C3B1BEB242A007463FD /* TelerikUI.framework in Frameworks */ = {isa = PBXBuildFile; fileRef = C72C0C3A1BEB242A007463FD /* TelerikUI.framework */; };
		C72C0C3D1BEB2496007463FD /* EventKit.framework in Frameworks */ = {isa = PBXBuildFile; fileRef = C72C0C3C1BEB2496007463FD /* EventKit.framework */; };
		C72C0C3F1BEB249C007463FD /* EventKitUI.framework in Frameworks */ = {isa = PBXBuildFile; fileRef = C72C0C3E1BEB249C007463FD /* EventKitUI.framework */; };
		C72C0C461BEC220D007463FD /* UIColorExtension.swift in Sources */ = {isa = PBXBuildFile; fileRef = C72C0C451BEC220D007463FD /* UIColorExtension.swift */; };
		C72C0C481BEC55AD007463FD /* RBResizer.swift in Sources */ = {isa = PBXBuildFile; fileRef = C72C0C471BEC55AD007463FD /* RBResizer.swift */; };
		C7813B641BEC7FD300876860 /* HomeViewController.swift in Sources */ = {isa = PBXBuildFile; fileRef = C7813B631BEC7FD300876860 /* HomeViewController.swift */; };
		C7813B681BEC950600876860 /* BlankViewController.swift in Sources */ = {isa = PBXBuildFile; fileRef = C7813B671BEC950600876860 /* BlankViewController.swift */; };
		C783D05C1C0FFC9800AE7265 /* WebApiService.swift in Sources */ = {isa = PBXBuildFile; fileRef = C783D05B1C0FFC9800AE7265 /* WebApiService.swift */; };
		C783D05E1C1009E200AE7265 /* LocalStore.swift in Sources */ = {isa = PBXBuildFile; fileRef = C783D05D1C1009E200AE7265 /* LocalStore.swift */; };
		C783D0601C100A1A00AE7265 /* SwiftyJSON.swift in Sources */ = {isa = PBXBuildFile; fileRef = C783D05F1C100A1A00AE7265 /* SwiftyJSON.swift */; };
		C783D0621C111A7C00AE7265 /* Error.swift in Sources */ = {isa = PBXBuildFile; fileRef = C783D0611C111A7C00AE7265 /* Error.swift */; };
		C783D0641C111AB200AE7265 /* JSONParser.swift in Sources */ = {isa = PBXBuildFile; fileRef = C783D0631C111AB200AE7265 /* JSONParser.swift */; };
		C783D0691C11233B00AE7265 /* Alamofire.framework in Frameworks */ = {isa = PBXBuildFile; fileRef = C783D0681C11233B00AE7265 /* Alamofire.framework */; };
		C78703611BF0057A001453C6 /* InstalmentInfoViewController.swift in Sources */ = {isa = PBXBuildFile; fileRef = C78703601BF0057A001453C6 /* InstalmentInfoViewController.swift */; };
		C7A6817A1C1139FC00348EB0 /* DebtorInfo.swift in Sources */ = {isa = PBXBuildFile; fileRef = C7A681791C1139FC00348EB0 /* DebtorInfo.swift */; };
		C7A681911C11538200348EB0 /* PinSetupViewController.swift in Sources */ = {isa = PBXBuildFile; fileRef = C7A681901C11538200348EB0 /* PinSetupViewController.swift */; };
		C7ABFCC01BEB03BB009BCE1E /* LoginController.swift in Sources */ = {isa = PBXBuildFile; fileRef = C7ABFCBF1BEB03BB009BCE1E /* LoginController.swift */; };
		C7ABFCC31BEB0462009BCE1E /* Timer.swift in Sources */ = {isa = PBXBuildFile; fileRef = C7ABFCC21BEB0462009BCE1E /* Timer.swift */; };
		C7ABFCC51BEB0474009BCE1E /* UIViewExtensions.swift in Sources */ = {isa = PBXBuildFile; fileRef = C7ABFCC41BEB0474009BCE1E /* UIViewExtensions.swift */; };
		C7B931C21BEB0E2A00A63F55 /* SelectDebtorController.swift in Sources */ = {isa = PBXBuildFile; fileRef = C7B931C11BEB0E2A00A63F55 /* SelectDebtorController.swift */; };
		C7E351BF1C155A2600315A47 /* DeviceDetect.swift in Sources */ = {isa = PBXBuildFile; fileRef = C7E351BE1C155A2600315A47 /* DeviceDetect.swift */; };
		C7E351C11C165AB400315A47 /* TelerikAlert.swift in Sources */ = {isa = PBXBuildFile; fileRef = C7E351C01C165AB400315A47 /* TelerikAlert.swift */; };
		C7E351C31C1660A500315A47 /* CardInfo.swift in Sources */ = {isa = PBXBuildFile; fileRef = C7E351C21C1660A500315A47 /* CardInfo.swift */; };
		C7E351C51C167A6400315A47 /* String.swift in Sources */ = {isa = PBXBuildFile; fileRef = C7E351C41C167A6400315A47 /* String.swift */; };
		C7E6357D1BEC5E1D002D8438 /* MakeCreditPaymentViewController.swift in Sources */ = {isa = PBXBuildFile; fileRef = C7E6357C1BEC5E1D002D8438 /* MakeCreditPaymentViewController.swift */; };
		C7E6B0081BF0548E00D60EC1 /* PaymentTrackerViewController.swift in Sources */ = {isa = PBXBuildFile; fileRef = C7E6B0071BF0548E00D60EC1 /* PaymentTrackerViewController.swift */; };
		C7E6B0171BF0662E00D60EC1 /* PaymentTrackerViewCell.swift in Sources */ = {isa = PBXBuildFile; fileRef = C7E6B0161BF0662E00D60EC1 /* PaymentTrackerViewCell.swift */; };
		C7E6B01A1BF068F400D60EC1 /* PaymentTrackerRecordModel.swift in Sources */ = {isa = PBXBuildFile; fileRef = C7E6B0191BF068F400D60EC1 /* PaymentTrackerRecordModel.swift */; };
		C7E6B01E1BF06A3F00D60EC1 /* Serializable.swift in Sources */ = {isa = PBXBuildFile; fileRef = C7E6B01D1BF06A3F00D60EC1 /* Serializable.swift */; };
		C7E6B0201BF079EA00D60EC1 /* PaymentTracker2ViewController.swift in Sources */ = {isa = PBXBuildFile; fileRef = C7E6B01F1BF079EA00D60EC1 /* PaymentTracker2ViewController.swift */; };
		C7E6B0221BF07A1C00D60EC1 /* LoremIpsumGenerator.swift in Sources */ = {isa = PBXBuildFile; fileRef = C7E6B0211BF07A1C00D60EC1 /* LoremIpsumGenerator.swift */; };
		C7E6B0241BF15AAA00D60EC1 /* CustomTelrikViewCell.swift in Sources */ = {isa = PBXBuildFile; fileRef = C7E6B0231BF15AA900D60EC1 /* CustomTelrikViewCell.swift */; };
		C7E6B0261BF1933A00D60EC1 /* RequestCallbackViewController.swift in Sources */ = {isa = PBXBuildFile; fileRef = C7E6B0251BF1933A00D60EC1 /* RequestCallbackViewController.swift */; };
		C7E9097F1C17D45900BB65E3 /* PinLoginViewController.swift in Sources */ = {isa = PBXBuildFile; fileRef = C7E9097E1C17D45900BB65E3 /* PinLoginViewController.swift */; };
		C7F92A151C18FC9000AE9AAB /* PaymentMethodViewController.swift in Sources */ = {isa = PBXBuildFile; fileRef = C7F92A141C18FC9000AE9AAB /* PaymentMethodViewController.swift */; };
		C7F92A171C191D5F00AE9AAB /* MakeDebitPaymentViewController.swift in Sources */ = {isa = PBXBuildFile; fileRef = C7F92A161C191D5F00AE9AAB /* MakeDebitPaymentViewController.swift */; };
		C7F92A191C1928FD00AE9AAB /* SummaryViewController.swift in Sources */ = {isa = PBXBuildFile; fileRef = C7F92A181C1928FD00AE9AAB /* SummaryViewController.swift */; };
/* End PBXBuildFile section */

/* Begin PBXContainerItemProxy section */
		78E75F521AC5FC48001A93F1 /* PBXContainerItemProxy */ = {
			isa = PBXContainerItemProxy;
			containerPortal = 78E75F341AC5FC48001A93F1 /* Project object */;
			proxyType = 1;
			remoteGlobalIDString = 78E75F3B1AC5FC48001A93F1;
			remoteInfo = UIPageViewController;
		};
/* End PBXContainerItemProxy section */

/* Begin PBXFileReference section */
		08DFF4EEA92681AC9F285E84 /* Pods.release.xcconfig */ = {isa = PBXFileReference; includeInIndex = 1; lastKnownFileType = text.xcconfig; name = Pods.release.xcconfig; path = "Pods/Target Support Files/Pods/Pods.release.xcconfig"; sourceTree = "<group>"; };
		1D0E3974D9AD1167389C65B1 /* Pods.debug.xcconfig */ = {isa = PBXFileReference; includeInIndex = 1; lastKnownFileType = text.xcconfig; name = Pods.debug.xcconfig; path = "Pods/Target Support Files/Pods/Pods.debug.xcconfig"; sourceTree = "<group>"; };
		669D24AB1BC793DA0087C306 /* BaseViewController.swift */ = {isa = PBXFileReference; fileEncoding = 4; lastKnownFileType = sourcecode.swift; path = BaseViewController.swift; sourceTree = "<group>"; };
		66D324231B9D21BB001BBD9B /* View1Controller.swift */ = {isa = PBXFileReference; fileEncoding = 4; lastKnownFileType = sourcecode.swift; path = View1Controller.swift; sourceTree = "<group>"; };
		66D324251B9D22B5001BBD9B /* View2Controller.swift */ = {isa = PBXFileReference; fileEncoding = 4; lastKnownFileType = sourcecode.swift; path = View2Controller.swift; sourceTree = "<group>"; };
		78E75F3C1AC5FC48001A93F1 /* Recoveries Connect.app */ = {isa = PBXFileReference; explicitFileType = wrapper.application; includeInIndex = 0; path = "Recoveries Connect.app"; sourceTree = BUILT_PRODUCTS_DIR; };
		78E75F401AC5FC48001A93F1 /* Info.plist */ = {isa = PBXFileReference; lastKnownFileType = text.plist.xml; path = Info.plist; sourceTree = "<group>"; };
		78E75F411AC5FC48001A93F1 /* AppDelegate.swift */ = {isa = PBXFileReference; lastKnownFileType = sourcecode.swift; path = AppDelegate.swift; sourceTree = "<group>"; };
		78E75F431AC5FC48001A93F1 /* ViewController.swift */ = {isa = PBXFileReference; lastKnownFileType = sourcecode.swift; path = ViewController.swift; sourceTree = "<group>"; };
		78E75F461AC5FC48001A93F1 /* Base */ = {isa = PBXFileReference; lastKnownFileType = file.storyboard; name = Base; path = Base.lproj/Main.storyboard; sourceTree = "<group>"; };
		78E75F481AC5FC48001A93F1 /* Images.xcassets */ = {isa = PBXFileReference; lastKnownFileType = folder.assetcatalog; path = Images.xcassets; sourceTree = "<group>"; };
		78E75F4B1AC5FC48001A93F1 /* Base */ = {isa = PBXFileReference; lastKnownFileType = file.xib; name = Base; path = Base.lproj/LaunchScreen.xib; sourceTree = "<group>"; };
		78E75F511AC5FC48001A93F1 /* UIPageViewControllerTests.xctest */ = {isa = PBXFileReference; explicitFileType = wrapper.cfbundle; includeInIndex = 0; path = UIPageViewControllerTests.xctest; sourceTree = BUILT_PRODUCTS_DIR; };
		78E75F561AC5FC48001A93F1 /* Info.plist */ = {isa = PBXFileReference; lastKnownFileType = text.plist.xml; path = Info.plist; sourceTree = "<group>"; };
		78E75F571AC5FC48001A93F1 /* UIPageViewControllerTests.swift */ = {isa = PBXFileReference; lastKnownFileType = sourcecode.swift; path = UIPageViewControllerTests.swift; sourceTree = "<group>"; };
		8E33AF7EC9D660BEF0C529EF /* Pods.framework */ = {isa = PBXFileReference; explicitFileType = wrapper.framework; includeInIndex = 0; path = Pods.framework; sourceTree = BUILT_PRODUCTS_DIR; };
		C72C0C341BEB1664007463FD /* Spring.framework */ = {isa = PBXFileReference; lastKnownFileType = wrapper.framework; name = Spring.framework; path = "Pods/../build/Debug-iphoneos/Spring.framework"; sourceTree = "<group>"; };
		C72C0C361BEB1669007463FD /* ActionSheetPicker_3_0.framework */ = {isa = PBXFileReference; lastKnownFileType = wrapper.framework; name = ActionSheetPicker_3_0.framework; path = "Pods/../build/Debug-iphoneos/ActionSheetPicker_3_0.framework"; sourceTree = "<group>"; };
		C72C0C381BEB2416007463FD /* TelerikAppFeedback.framework */ = {isa = PBXFileReference; lastKnownFileType = wrapper.framework; path = TelerikAppFeedback.framework; sourceTree = "<group>"; };
		C72C0C3A1BEB242A007463FD /* TelerikUI.framework */ = {isa = PBXFileReference; lastKnownFileType = wrapper.framework; path = TelerikUI.framework; sourceTree = "<group>"; };
		C72C0C3C1BEB2496007463FD /* EventKit.framework */ = {isa = PBXFileReference; lastKnownFileType = wrapper.framework; name = EventKit.framework; path = System/Library/Frameworks/EventKit.framework; sourceTree = SDKROOT; };
		C72C0C3E1BEB249C007463FD /* EventKitUI.framework */ = {isa = PBXFileReference; lastKnownFileType = wrapper.framework; name = EventKitUI.framework; path = System/Library/Frameworks/EventKitUI.framework; sourceTree = SDKROOT; };
		C72C0C401BEB24C7007463FD /* UIPageViewController-Bridging-Header.h */ = {isa = PBXFileReference; lastKnownFileType = sourcecode.c.h; path = "UIPageViewController-Bridging-Header.h"; sourceTree = "<group>"; };
		C72C0C451BEC220D007463FD /* UIColorExtension.swift */ = {isa = PBXFileReference; fileEncoding = 4; lastKnownFileType = sourcecode.swift; path = UIColorExtension.swift; sourceTree = "<group>"; };
		C72C0C471BEC55AD007463FD /* RBResizer.swift */ = {isa = PBXFileReference; fileEncoding = 4; lastKnownFileType = sourcecode.swift; path = RBResizer.swift; sourceTree = "<group>"; };
		C7813B631BEC7FD300876860 /* HomeViewController.swift */ = {isa = PBXFileReference; fileEncoding = 4; lastKnownFileType = sourcecode.swift; path = HomeViewController.swift; sourceTree = "<group>"; };
		C7813B671BEC950600876860 /* BlankViewController.swift */ = {isa = PBXFileReference; fileEncoding = 4; lastKnownFileType = sourcecode.swift; path = BlankViewController.swift; sourceTree = "<group>"; };
		C783D05B1C0FFC9800AE7265 /* WebApiService.swift */ = {isa = PBXFileReference; fileEncoding = 4; lastKnownFileType = sourcecode.swift; path = WebApiService.swift; sourceTree = "<group>"; };
		C783D05D1C1009E200AE7265 /* LocalStore.swift */ = {isa = PBXFileReference; fileEncoding = 4; lastKnownFileType = sourcecode.swift; path = LocalStore.swift; sourceTree = "<group>"; };
		C783D05F1C100A1A00AE7265 /* SwiftyJSON.swift */ = {isa = PBXFileReference; fileEncoding = 4; lastKnownFileType = sourcecode.swift; path = SwiftyJSON.swift; sourceTree = "<group>"; };
		C783D0611C111A7C00AE7265 /* Error.swift */ = {isa = PBXFileReference; fileEncoding = 4; lastKnownFileType = sourcecode.swift; path = Error.swift; sourceTree = "<group>"; };
		C783D0631C111AB200AE7265 /* JSONParser.swift */ = {isa = PBXFileReference; fileEncoding = 4; lastKnownFileType = sourcecode.swift; path = JSONParser.swift; sourceTree = "<group>"; };
		C783D0681C11233B00AE7265 /* Alamofire.framework */ = {isa = PBXFileReference; lastKnownFileType = wrapper.framework; name = Alamofire.framework; path = "Pods/../build/Debug-iphoneos/Alamofire.framework"; sourceTree = "<group>"; };
		C78703601BF0057A001453C6 /* InstalmentInfoViewController.swift */ = {isa = PBXFileReference; fileEncoding = 4; lastKnownFileType = sourcecode.swift; path = InstalmentInfoViewController.swift; sourceTree = "<group>"; };
		C7A681791C1139FC00348EB0 /* DebtorInfo.swift */ = {isa = PBXFileReference; fileEncoding = 4; lastKnownFileType = sourcecode.swift; path = DebtorInfo.swift; sourceTree = "<group>"; };
		C7A681901C11538200348EB0 /* PinSetupViewController.swift */ = {isa = PBXFileReference; fileEncoding = 4; lastKnownFileType = sourcecode.swift; path = PinSetupViewController.swift; sourceTree = "<group>"; };
		C7ABFCBF1BEB03BB009BCE1E /* LoginController.swift */ = {isa = PBXFileReference; fileEncoding = 4; lastKnownFileType = sourcecode.swift; path = LoginController.swift; sourceTree = "<group>"; };
		C7ABFCC21BEB0462009BCE1E /* Timer.swift */ = {isa = PBXFileReference; fileEncoding = 4; lastKnownFileType = sourcecode.swift; path = Timer.swift; sourceTree = "<group>"; };
		C7ABFCC41BEB0474009BCE1E /* UIViewExtensions.swift */ = {isa = PBXFileReference; fileEncoding = 4; lastKnownFileType = sourcecode.swift; path = UIViewExtensions.swift; sourceTree = "<group>"; };
		C7B931C11BEB0E2A00A63F55 /* SelectDebtorController.swift */ = {isa = PBXFileReference; fileEncoding = 4; lastKnownFileType = sourcecode.swift; path = SelectDebtorController.swift; sourceTree = "<group>"; };
		C7E351BE1C155A2600315A47 /* DeviceDetect.swift */ = {isa = PBXFileReference; fileEncoding = 4; lastKnownFileType = sourcecode.swift; path = DeviceDetect.swift; sourceTree = "<group>"; };
		C7E351C01C165AB400315A47 /* TelerikAlert.swift */ = {isa = PBXFileReference; fileEncoding = 4; lastKnownFileType = sourcecode.swift; path = TelerikAlert.swift; sourceTree = "<group>"; };
		C7E351C21C1660A500315A47 /* CardInfo.swift */ = {isa = PBXFileReference; fileEncoding = 4; lastKnownFileType = sourcecode.swift; path = CardInfo.swift; sourceTree = "<group>"; };
		C7E351C41C167A6400315A47 /* String.swift */ = {isa = PBXFileReference; fileEncoding = 4; lastKnownFileType = sourcecode.swift; path = String.swift; sourceTree = "<group>"; };
		C7E6357C1BEC5E1D002D8438 /* MakeCreditPaymentViewController.swift */ = {isa = PBXFileReference; fileEncoding = 4; lastKnownFileType = sourcecode.swift; path = MakeCreditPaymentViewController.swift; sourceTree = "<group>"; };
		C7E6B0071BF0548E00D60EC1 /* PaymentTrackerViewController.swift */ = {isa = PBXFileReference; fileEncoding = 4; lastKnownFileType = sourcecode.swift; path = PaymentTrackerViewController.swift; sourceTree = "<group>"; };
		C7E6B0161BF0662E00D60EC1 /* PaymentTrackerViewCell.swift */ = {isa = PBXFileReference; fileEncoding = 4; lastKnownFileType = sourcecode.swift; path = PaymentTrackerViewCell.swift; sourceTree = "<group>"; };
		C7E6B0191BF068F400D60EC1 /* PaymentTrackerRecordModel.swift */ = {isa = PBXFileReference; fileEncoding = 4; lastKnownFileType = sourcecode.swift; path = PaymentTrackerRecordModel.swift; sourceTree = "<group>"; };
		C7E6B01D1BF06A3F00D60EC1 /* Serializable.swift */ = {isa = PBXFileReference; fileEncoding = 4; lastKnownFileType = sourcecode.swift; path = Serializable.swift; sourceTree = "<group>"; };
		C7E6B01F1BF079EA00D60EC1 /* PaymentTracker2ViewController.swift */ = {isa = PBXFileReference; fileEncoding = 4; lastKnownFileType = sourcecode.swift; path = PaymentTracker2ViewController.swift; sourceTree = "<group>"; };
		C7E6B0211BF07A1C00D60EC1 /* LoremIpsumGenerator.swift */ = {isa = PBXFileReference; fileEncoding = 4; lastKnownFileType = sourcecode.swift; path = LoremIpsumGenerator.swift; sourceTree = "<group>"; };
		C7E6B0231BF15AA900D60EC1 /* CustomTelrikViewCell.swift */ = {isa = PBXFileReference; fileEncoding = 4; lastKnownFileType = sourcecode.swift; path = CustomTelrikViewCell.swift; sourceTree = "<group>"; };
		C7E6B0251BF1933A00D60EC1 /* RequestCallbackViewController.swift */ = {isa = PBXFileReference; fileEncoding = 4; lastKnownFileType = sourcecode.swift; path = RequestCallbackViewController.swift; sourceTree = "<group>"; };
		C7E9097E1C17D45900BB65E3 /* PinLoginViewController.swift */ = {isa = PBXFileReference; fileEncoding = 4; lastKnownFileType = sourcecode.swift; path = PinLoginViewController.swift; sourceTree = "<group>"; };
		C7F92A141C18FC9000AE9AAB /* PaymentMethodViewController.swift */ = {isa = PBXFileReference; fileEncoding = 4; lastKnownFileType = sourcecode.swift; path = PaymentMethodViewController.swift; sourceTree = "<group>"; };
		C7F92A161C191D5F00AE9AAB /* MakeDebitPaymentViewController.swift */ = {isa = PBXFileReference; fileEncoding = 4; lastKnownFileType = sourcecode.swift; path = MakeDebitPaymentViewController.swift; sourceTree = "<group>"; };
		C7F92A181C1928FD00AE9AAB /* SummaryViewController.swift */ = {isa = PBXFileReference; fileEncoding = 4; lastKnownFileType = sourcecode.swift; path = SummaryViewController.swift; sourceTree = "<group>"; };
/* End PBXFileReference section */

/* Begin PBXFrameworksBuildPhase section */
		78E75F391AC5FC48001A93F1 /* Frameworks */ = {
			isa = PBXFrameworksBuildPhase;
			buildActionMask = 2147483647;
			files = (
				C783D0691C11233B00AE7265 /* Alamofire.framework in Frameworks */,
				C72C0C3F1BEB249C007463FD /* EventKitUI.framework in Frameworks */,
				C72C0C3D1BEB2496007463FD /* EventKit.framework in Frameworks */,
				C72C0C371BEB1669007463FD /* ActionSheetPicker_3_0.framework in Frameworks */,
				C72C0C351BEB1664007463FD /* Spring.framework in Frameworks */,
				C72C0C3B1BEB242A007463FD /* TelerikUI.framework in Frameworks */,
				C72C0C391BEB2416007463FD /* TelerikAppFeedback.framework in Frameworks */,
				0E0F677C34110A19DE0606A6 /* Pods.framework in Frameworks */,
			);
			runOnlyForDeploymentPostprocessing = 0;
		};
		78E75F4E1AC5FC48001A93F1 /* Frameworks */ = {
			isa = PBXFrameworksBuildPhase;
			buildActionMask = 2147483647;
			files = (
			);
			runOnlyForDeploymentPostprocessing = 0;
		};
/* End PBXFrameworksBuildPhase section */

/* Begin PBXGroup section */
		78E75F331AC5FC48001A93F1 = {
			isa = PBXGroup;
			children = (
				78E75F3E1AC5FC48001A93F1 /* UIPageViewController */,
				78E75F541AC5FC48001A93F1 /* UIPageViewControllerTests */,
				78E75F3D1AC5FC48001A93F1 /* Products */,
				A2F449B641C43B271AAD8CE4 /* Frameworks */,
				D395C2BF3BCC47731FD3F417 /* Pods */,
			);
			sourceTree = "<group>";
		};
		78E75F3D1AC5FC48001A93F1 /* Products */ = {
			isa = PBXGroup;
			children = (
				78E75F3C1AC5FC48001A93F1 /* Recoveries Connect.app */,
				78E75F511AC5FC48001A93F1 /* UIPageViewControllerTests.xctest */,
			);
			name = Products;
			sourceTree = "<group>";
		};
		78E75F3E1AC5FC48001A93F1 /* UIPageViewController */ = {
			isa = PBXGroup;
			children = (
				78E75F451AC5FC48001A93F1 /* Main.storyboard */,
				78E75F4A1AC5FC48001A93F1 /* LaunchScreen.xib */,
				78E75F411AC5FC48001A93F1 /* AppDelegate.swift */,
				C7E6B0181BF068DD00D60EC1 /* Model */,
				C7ABFCBE1BEB00E7009BCE1E /* ViewController */,
				C7E6B0151BF065A800D60EC1 /* Cell */,
				C783D0651C111B8000AE7265 /* UIControl */,
				C7ABFCC11BEB0451009BCE1E /* Utility */,
				C783D05A1C0FFC7400AE7265 /* Services */,
				78E75F3F1AC5FC48001A93F1 /* Supporting Files */,
			);
			path = UIPageViewController;
			sourceTree = "<group>";
		};
		78E75F3F1AC5FC48001A93F1 /* Supporting Files */ = {
			isa = PBXGroup;
			children = (
				C72C0C401BEB24C7007463FD /* UIPageViewController-Bridging-Header.h */,
				78E75F481AC5FC48001A93F1 /* Images.xcassets */,
				78E75F401AC5FC48001A93F1 /* Info.plist */,
			);
			name = "Supporting Files";
			sourceTree = "<group>";
		};
		78E75F541AC5FC48001A93F1 /* UIPageViewControllerTests */ = {
			isa = PBXGroup;
			children = (
				78E75F571AC5FC48001A93F1 /* UIPageViewControllerTests.swift */,
				78E75F551AC5FC48001A93F1 /* Supporting Files */,
			);
			path = UIPageViewControllerTests;
			sourceTree = "<group>";
		};
		78E75F551AC5FC48001A93F1 /* Supporting Files */ = {
			isa = PBXGroup;
			children = (
				78E75F561AC5FC48001A93F1 /* Info.plist */,
			);
			name = "Supporting Files";
			sourceTree = "<group>";
		};
		A2F449B641C43B271AAD8CE4 /* Frameworks */ = {
			isa = PBXGroup;
			children = (
				C783D0681C11233B00AE7265 /* Alamofire.framework */,
				C72C0C3E1BEB249C007463FD /* EventKitUI.framework */,
				C72C0C3C1BEB2496007463FD /* EventKit.framework */,
				C72C0C3A1BEB242A007463FD /* TelerikUI.framework */,
				C72C0C381BEB2416007463FD /* TelerikAppFeedback.framework */,
				C72C0C361BEB1669007463FD /* ActionSheetPicker_3_0.framework */,
				C72C0C341BEB1664007463FD /* Spring.framework */,
				8E33AF7EC9D660BEF0C529EF /* Pods.framework */,
			);
			name = Frameworks;
			sourceTree = "<group>";
		};
		C783D05A1C0FFC7400AE7265 /* Services */ = {
			isa = PBXGroup;
			children = (
				C783D0631C111AB200AE7265 /* JSONParser.swift */,
				C783D05B1C0FFC9800AE7265 /* WebApiService.swift */,
			);
			name = Services;
			sourceTree = "<group>";
		};
		C783D0651C111B8000AE7265 /* UIControl */ = {
			isa = PBXGroup;
			children = (
				C7E351C01C165AB400315A47 /* TelerikAlert.swift */,
			);
			name = UIControl;
			sourceTree = "<group>";
		};
		C7ABFCBE1BEB00E7009BCE1E /* ViewController */ = {
			isa = PBXGroup;
			children = (
				669D24AB1BC793DA0087C306 /* BaseViewController.swift */,
				78E75F431AC5FC48001A93F1 /* ViewController.swift */,
				66D324231B9D21BB001BBD9B /* View1Controller.swift */,
				66D324251B9D22B5001BBD9B /* View2Controller.swift */,
				C7A681901C11538200348EB0 /* PinSetupViewController.swift */,
				C7E9097E1C17D45900BB65E3 /* PinLoginViewController.swift */,
				C7ABFCBF1BEB03BB009BCE1E /* LoginController.swift */,
				C7B931C11BEB0E2A00A63F55 /* SelectDebtorController.swift */,
				C7813B671BEC950600876860 /* BlankViewController.swift */,
				C7813B631BEC7FD300876860 /* HomeViewController.swift */,
				C7F92A141C18FC9000AE9AAB /* PaymentMethodViewController.swift */,
				C7E6357C1BEC5E1D002D8438 /* MakeCreditPaymentViewController.swift */,
				C7F92A161C191D5F00AE9AAB /* MakeDebitPaymentViewController.swift */,
				C78703601BF0057A001453C6 /* InstalmentInfoViewController.swift */,
				C7E6B0071BF0548E00D60EC1 /* PaymentTrackerViewController.swift */,
				C7E6B01F1BF079EA00D60EC1 /* PaymentTracker2ViewController.swift */,
				C7E6B0251BF1933A00D60EC1 /* RequestCallbackViewController.swift */,
				C7F92A181C1928FD00AE9AAB /* SummaryViewController.swift */,
			);
			name = ViewController;
			sourceTree = "<group>";
		};
		C7ABFCC11BEB0451009BCE1E /* Utility */ = {
			isa = PBXGroup;
			children = (
				C783D05F1C100A1A00AE7265 /* SwiftyJSON.swift */,
				C783D05D1C1009E200AE7265 /* LocalStore.swift */,
				C7E6B0211BF07A1C00D60EC1 /* LoremIpsumGenerator.swift */,
				C7E6B01D1BF06A3F00D60EC1 /* Serializable.swift */,
				C72C0C471BEC55AD007463FD /* RBResizer.swift */,
				C72C0C451BEC220D007463FD /* UIColorExtension.swift */,
				C7ABFCC41BEB0474009BCE1E /* UIViewExtensions.swift */,
				C7ABFCC21BEB0462009BCE1E /* Timer.swift */,
				C7E351BE1C155A2600315A47 /* DeviceDetect.swift */,
				C7E351C41C167A6400315A47 /* String.swift */,
			);
			name = Utility;
			sourceTree = "<group>";
		};
		C7E6B0151BF065A800D60EC1 /* Cell */ = {
			isa = PBXGroup;
			children = (
				C7E6B0161BF0662E00D60EC1 /* PaymentTrackerViewCell.swift */,
				C7E6B0231BF15AA900D60EC1 /* CustomTelrikViewCell.swift */,
			);
			name = Cell;
			sourceTree = "<group>";
		};
		C7E6B0181BF068DD00D60EC1 /* Model */ = {
			isa = PBXGroup;
			children = (
				C7E351C21C1660A500315A47 /* CardInfo.swift */,
				C783D0611C111A7C00AE7265 /* Error.swift */,
				C7E6B0191BF068F400D60EC1 /* PaymentTrackerRecordModel.swift */,
				C7A681791C1139FC00348EB0 /* DebtorInfo.swift */,
			);
			name = Model;
			sourceTree = "<group>";
		};
		D395C2BF3BCC47731FD3F417 /* Pods */ = {
			isa = PBXGroup;
			children = (
				1D0E3974D9AD1167389C65B1 /* Pods.debug.xcconfig */,
				08DFF4EEA92681AC9F285E84 /* Pods.release.xcconfig */,
			);
			name = Pods;
			sourceTree = "<group>";
		};
/* End PBXGroup section */

/* Begin PBXNativeTarget section */
		78E75F3B1AC5FC48001A93F1 /* UIPageViewController */ = {
			isa = PBXNativeTarget;
			buildConfigurationList = 78E75F5B1AC5FC48001A93F1 /* Build configuration list for PBXNativeTarget "UIPageViewController" */;
			buildPhases = (
				7741864845CC37A779D4EBED /* Check Pods Manifest.lock */,
				78E75F381AC5FC48001A93F1 /* Sources */,
				78E75F391AC5FC48001A93F1 /* Frameworks */,
				78E75F3A1AC5FC48001A93F1 /* Resources */,
				E8CEC98B18B05FA6A8F95BD0 /* Embed Pods Frameworks */,
				0EBA95D169507492700472D0 /* Copy Pods Resources */,
			);
			buildRules = (
			);
			dependencies = (
			);
			name = UIPageViewController;
			productName = UIPageViewController;
			productReference = 78E75F3C1AC5FC48001A93F1 /* Recoveries Connect.app */;
			productType = "com.apple.product-type.application";
		};
		78E75F501AC5FC48001A93F1 /* UIPageViewControllerTests */ = {
			isa = PBXNativeTarget;
			buildConfigurationList = 78E75F5E1AC5FC48001A93F1 /* Build configuration list for PBXNativeTarget "UIPageViewControllerTests" */;
			buildPhases = (
				78E75F4D1AC5FC48001A93F1 /* Sources */,
				78E75F4E1AC5FC48001A93F1 /* Frameworks */,
				78E75F4F1AC5FC48001A93F1 /* Resources */,
			);
			buildRules = (
			);
			dependencies = (
				78E75F531AC5FC48001A93F1 /* PBXTargetDependency */,
			);
			name = UIPageViewControllerTests;
			productName = UIPageViewControllerTests;
			productReference = 78E75F511AC5FC48001A93F1 /* UIPageViewControllerTests.xctest */;
			productType = "com.apple.product-type.bundle.unit-test";
		};
/* End PBXNativeTarget section */

/* Begin PBXProject section */
		78E75F341AC5FC48001A93F1 /* Project object */ = {
			isa = PBXProject;
			attributes = {
				LastSwiftMigration = 0700;
				LastSwiftUpdateCheck = 0710;
				LastUpgradeCheck = 0620;
				ORGANIZATIONNAME = "Vea Software";
				TargetAttributes = {
					78E75F3B1AC5FC48001A93F1 = {
						CreatedOnToolsVersion = 6.2;
						DevelopmentTeam = DENR28CDY6;
					};
					78E75F501AC5FC48001A93F1 = {
						CreatedOnToolsVersion = 6.2;
						TestTargetID = 78E75F3B1AC5FC48001A93F1;
					};
				};
			};
			buildConfigurationList = 78E75F371AC5FC48001A93F1 /* Build configuration list for PBXProject "UIPageViewController" */;
			compatibilityVersion = "Xcode 3.2";
			developmentRegion = English;
			hasScannedForEncodings = 0;
			knownRegions = (
				en,
				Base,
			);
			mainGroup = 78E75F331AC5FC48001A93F1;
			productRefGroup = 78E75F3D1AC5FC48001A93F1 /* Products */;
			projectDirPath = "";
			projectRoot = "";
			targets = (
				78E75F3B1AC5FC48001A93F1 /* UIPageViewController */,
				78E75F501AC5FC48001A93F1 /* UIPageViewControllerTests */,
			);
		};
/* End PBXProject section */

/* Begin PBXResourcesBuildPhase section */
		78E75F3A1AC5FC48001A93F1 /* Resources */ = {
			isa = PBXResourcesBuildPhase;
			buildActionMask = 2147483647;
			files = (
				78E75F471AC5FC48001A93F1 /* Main.storyboard in Resources */,
				78E75F4C1AC5FC48001A93F1 /* LaunchScreen.xib in Resources */,
				78E75F491AC5FC48001A93F1 /* Images.xcassets in Resources */,
			);
			runOnlyForDeploymentPostprocessing = 0;
		};
		78E75F4F1AC5FC48001A93F1 /* Resources */ = {
			isa = PBXResourcesBuildPhase;
			buildActionMask = 2147483647;
			files = (
			);
			runOnlyForDeploymentPostprocessing = 0;
		};
/* End PBXResourcesBuildPhase section */

/* Begin PBXShellScriptBuildPhase section */
		0EBA95D169507492700472D0 /* Copy Pods Resources */ = {
			isa = PBXShellScriptBuildPhase;
			buildActionMask = 2147483647;
			files = (
			);
			inputPaths = (
			);
			name = "Copy Pods Resources";
			outputPaths = (
			);
			runOnlyForDeploymentPostprocessing = 0;
			shellPath = /bin/sh;
			shellScript = "\"${SRCROOT}/Pods/Target Support Files/Pods/Pods-resources.sh\"\n";
			showEnvVarsInLog = 0;
		};
		7741864845CC37A779D4EBED /* Check Pods Manifest.lock */ = {
			isa = PBXShellScriptBuildPhase;
			buildActionMask = 2147483647;
			files = (
			);
			inputPaths = (
			);
			name = "Check Pods Manifest.lock";
			outputPaths = (
			);
			runOnlyForDeploymentPostprocessing = 0;
			shellPath = /bin/sh;
			shellScript = "diff \"${PODS_ROOT}/../Podfile.lock\" \"${PODS_ROOT}/Manifest.lock\" > /dev/null\nif [[ $? != 0 ]] ; then\n    cat << EOM\nerror: The sandbox is not in sync with the Podfile.lock. Run 'pod install' or update your CocoaPods installation.\nEOM\n    exit 1\nfi\n";
			showEnvVarsInLog = 0;
		};
		E8CEC98B18B05FA6A8F95BD0 /* Embed Pods Frameworks */ = {
			isa = PBXShellScriptBuildPhase;
			buildActionMask = 2147483647;
			files = (
			);
			inputPaths = (
			);
			name = "Embed Pods Frameworks";
			outputPaths = (
			);
			runOnlyForDeploymentPostprocessing = 0;
			shellPath = /bin/sh;
			shellScript = "\"${SRCROOT}/Pods/Target Support Files/Pods/Pods-frameworks.sh\"\n";
			showEnvVarsInLog = 0;
		};
/* End PBXShellScriptBuildPhase section */

/* Begin PBXSourcesBuildPhase section */
		78E75F381AC5FC48001A93F1 /* Sources */ = {
			isa = PBXSourcesBuildPhase;
			buildActionMask = 2147483647;
			files = (
				C7813B641BEC7FD300876860 /* HomeViewController.swift in Sources */,
				66D324241B9D21BB001BBD9B /* View1Controller.swift in Sources */,
				C783D0641C111AB200AE7265 /* JSONParser.swift in Sources */,
				C78703611BF0057A001453C6 /* InstalmentInfoViewController.swift in Sources */,
				C7ABFCC01BEB03BB009BCE1E /* LoginController.swift in Sources */,
				C7813B681BEC950600876860 /* BlankViewController.swift in Sources */,
				C7ABFCC51BEB0474009BCE1E /* UIViewExtensions.swift in Sources */,
				C7E351C31C1660A500315A47 /* CardInfo.swift in Sources */,
				C7ABFCC31BEB0462009BCE1E /* Timer.swift in Sources */,
				C783D0621C111A7C00AE7265 /* Error.swift in Sources */,
				C783D05C1C0FFC9800AE7265 /* WebApiService.swift in Sources */,
				C7E6B0171BF0662E00D60EC1 /* PaymentTrackerViewCell.swift in Sources */,
				C7E351C11C165AB400315A47 /* TelerikAlert.swift in Sources */,
				66D324261B9D22B5001BBD9B /* View2Controller.swift in Sources */,
				C7E351C51C167A6400315A47 /* String.swift in Sources */,
				C7A681911C11538200348EB0 /* PinSetupViewController.swift in Sources */,
				C7E6B0221BF07A1C00D60EC1 /* LoremIpsumGenerator.swift in Sources */,
				C783D0601C100A1A00AE7265 /* SwiftyJSON.swift in Sources */,
				78E75F441AC5FC48001A93F1 /* ViewController.swift in Sources */,
				78E75F421AC5FC48001A93F1 /* AppDelegate.swift in Sources */,
				C7F92A171C191D5F00AE9AAB /* MakeDebitPaymentViewController.swift in Sources */,
				C7F92A191C1928FD00AE9AAB /* SummaryViewController.swift in Sources */,
				C72C0C461BEC220D007463FD /* UIColorExtension.swift in Sources */,
				C7E6B01A1BF068F400D60EC1 /* PaymentTrackerRecordModel.swift in Sources */,
				C7E6B0241BF15AAA00D60EC1 /* CustomTelrikViewCell.swift in Sources */,
				C7E6357D1BEC5E1D002D8438 /* MakeCreditPaymentViewController.swift in Sources */,
				669D24AC1BC793DA0087C306 /* BaseViewController.swift in Sources */,
				C7A6817A1C1139FC00348EB0 /* DebtorInfo.swift in Sources */,
				C783D05E1C1009E200AE7265 /* LocalStore.swift in Sources */,
				C72C0C481BEC55AD007463FD /* RBResizer.swift in Sources */,
				C7E6B0081BF0548E00D60EC1 /* PaymentTrackerViewController.swift in Sources */,
				C7E351BF1C155A2600315A47 /* DeviceDetect.swift in Sources */,
				C7E6B0201BF079EA00D60EC1 /* PaymentTracker2ViewController.swift in Sources */,
				C7E6B0261BF1933A00D60EC1 /* RequestCallbackViewController.swift in Sources */,
				C7E6B01E1BF06A3F00D60EC1 /* Serializable.swift in Sources */,
				C7E9097F1C17D45900BB65E3 /* PinLoginViewController.swift in Sources */,
				C7F92A151C18FC9000AE9AAB /* PaymentMethodViewController.swift in Sources */,
				C7B931C21BEB0E2A00A63F55 /* SelectDebtorController.swift in Sources */,
			);
			runOnlyForDeploymentPostprocessing = 0;
		};
		78E75F4D1AC5FC48001A93F1 /* Sources */ = {
			isa = PBXSourcesBuildPhase;
			buildActionMask = 2147483647;
			files = (
				78E75F581AC5FC48001A93F1 /* UIPageViewControllerTests.swift in Sources */,
			);
			runOnlyForDeploymentPostprocessing = 0;
		};
/* End PBXSourcesBuildPhase section */

/* Begin PBXTargetDependency section */
		78E75F531AC5FC48001A93F1 /* PBXTargetDependency */ = {
			isa = PBXTargetDependency;
			target = 78E75F3B1AC5FC48001A93F1 /* UIPageViewController */;
			targetProxy = 78E75F521AC5FC48001A93F1 /* PBXContainerItemProxy */;
		};
/* End PBXTargetDependency section */

/* Begin PBXVariantGroup section */
		78E75F451AC5FC48001A93F1 /* Main.storyboard */ = {
			isa = PBXVariantGroup;
			children = (
				78E75F461AC5FC48001A93F1 /* Base */,
			);
			name = Main.storyboard;
			sourceTree = "<group>";
		};
		78E75F4A1AC5FC48001A93F1 /* LaunchScreen.xib */ = {
			isa = PBXVariantGroup;
			children = (
				78E75F4B1AC5FC48001A93F1 /* Base */,
			);
			name = LaunchScreen.xib;
			sourceTree = "<group>";
		};
/* End PBXVariantGroup section */

/* Begin XCBuildConfiguration section */
		78E75F591AC5FC48001A93F1 /* Debug */ = {
			isa = XCBuildConfiguration;
			buildSettings = {
				ALWAYS_SEARCH_USER_PATHS = NO;
				CLANG_CXX_LANGUAGE_STANDARD = "gnu++0x";
				CLANG_CXX_LIBRARY = "libc++";
				CLANG_ENABLE_MODULES = YES;
				CLANG_ENABLE_OBJC_ARC = YES;
				CLANG_WARN_BOOL_CONVERSION = YES;
				CLANG_WARN_CONSTANT_CONVERSION = YES;
				CLANG_WARN_DIRECT_OBJC_ISA_USAGE = YES_ERROR;
				CLANG_WARN_EMPTY_BODY = YES;
				CLANG_WARN_ENUM_CONVERSION = YES;
				CLANG_WARN_INT_CONVERSION = YES;
				CLANG_WARN_OBJC_ROOT_CLASS = YES_ERROR;
				CLANG_WARN_UNREACHABLE_CODE = YES;
				CLANG_WARN__DUPLICATE_METHOD_MATCH = YES;
				"CODE_SIGN_IDENTITY[sdk=iphoneos*]" = "iPhone Developer";
				COPY_PHASE_STRIP = NO;
				ENABLE_STRICT_OBJC_MSGSEND = YES;
				GCC_C_LANGUAGE_STANDARD = gnu99;
				GCC_DYNAMIC_NO_PIC = NO;
				GCC_OPTIMIZATION_LEVEL = 0;
				GCC_PREPROCESSOR_DEFINITIONS = (
					"DEBUG=1",
					"$(inherited)",
				);
				GCC_SYMBOLS_PRIVATE_EXTERN = NO;
				GCC_WARN_64_TO_32_BIT_CONVERSION = YES;
				GCC_WARN_ABOUT_RETURN_TYPE = YES_ERROR;
				GCC_WARN_UNDECLARED_SELECTOR = YES;
				GCC_WARN_UNINITIALIZED_AUTOS = YES_AGGRESSIVE;
				GCC_WARN_UNUSED_FUNCTION = YES;
				GCC_WARN_UNUSED_VARIABLE = YES;
				IPHONEOS_DEPLOYMENT_TARGET = 8.2;
				MTL_ENABLE_DEBUG_INFO = YES;
				ONLY_ACTIVE_ARCH = YES;
				SDKROOT = iphoneos;
				SWIFT_OPTIMIZATION_LEVEL = "-Onone";
			};
			name = Debug;
		};
		78E75F5A1AC5FC48001A93F1 /* Release */ = {
			isa = XCBuildConfiguration;
			buildSettings = {
				ALWAYS_SEARCH_USER_PATHS = NO;
				CLANG_CXX_LANGUAGE_STANDARD = "gnu++0x";
				CLANG_CXX_LIBRARY = "libc++";
				CLANG_ENABLE_MODULES = YES;
				CLANG_ENABLE_OBJC_ARC = YES;
				CLANG_WARN_BOOL_CONVERSION = YES;
				CLANG_WARN_CONSTANT_CONVERSION = YES;
				CLANG_WARN_DIRECT_OBJC_ISA_USAGE = YES_ERROR;
				CLANG_WARN_EMPTY_BODY = YES;
				CLANG_WARN_ENUM_CONVERSION = YES;
				CLANG_WARN_INT_CONVERSION = YES;
				CLANG_WARN_OBJC_ROOT_CLASS = YES_ERROR;
				CLANG_WARN_UNREACHABLE_CODE = YES;
				CLANG_WARN__DUPLICATE_METHOD_MATCH = YES;
				"CODE_SIGN_IDENTITY[sdk=iphoneos*]" = "iPhone Developer";
				COPY_PHASE_STRIP = NO;
				ENABLE_NS_ASSERTIONS = NO;
				ENABLE_STRICT_OBJC_MSGSEND = YES;
				GCC_C_LANGUAGE_STANDARD = gnu99;
				GCC_WARN_64_TO_32_BIT_CONVERSION = YES;
				GCC_WARN_ABOUT_RETURN_TYPE = YES_ERROR;
				GCC_WARN_UNDECLARED_SELECTOR = YES;
				GCC_WARN_UNINITIALIZED_AUTOS = YES_AGGRESSIVE;
				GCC_WARN_UNUSED_FUNCTION = YES;
				GCC_WARN_UNUSED_VARIABLE = YES;
				IPHONEOS_DEPLOYMENT_TARGET = 8.2;
				MTL_ENABLE_DEBUG_INFO = NO;
				SDKROOT = iphoneos;
				VALIDATE_PRODUCT = YES;
			};
			name = Release;
		};
		78E75F5C1AC5FC48001A93F1 /* Debug */ = {
			isa = XCBuildConfiguration;
			baseConfigurationReference = 1D0E3974D9AD1167389C65B1 /* Pods.debug.xcconfig */;
			buildSettings = {
				ASSETCATALOG_COMPILER_APPICON_NAME = AppIcon;
				CLANG_ENABLE_MODULES = YES;
				CODE_SIGN_IDENTITY = "iPhone Developer";
				FRAMEWORK_SEARCH_PATHS = (
					"$(inherited)",
					"$(PROJECT_DIR)/build/Debug-iphoneos",
					"$(PROJECT_DIR)",
				);
				INFOPLIST_FILE = UIPageViewController/Info.plist;
				IPHONEOS_DEPLOYMENT_TARGET = 9.0;
				LD_RUNPATH_SEARCH_PATHS = "$(inherited) @executable_path/Frameworks";
				PRODUCT_BUNDLE_IDENTIFIER = com.synotive.recoveriescorp;
				PRODUCT_NAME = "Recoveries Connect";
				SWIFT_OBJC_BRIDGING_HEADER = "UIPageViewController/UIPageViewController-Bridging-Header.h";
				SWIFT_OPTIMIZATION_LEVEL = "-Onone";
			};
			name = Debug;
		};
		78E75F5D1AC5FC48001A93F1 /* Release */ = {
			isa = XCBuildConfiguration;
			baseConfigurationReference = 08DFF4EEA92681AC9F285E84 /* Pods.release.xcconfig */;
			buildSettings = {
				ASSETCATALOG_COMPILER_APPICON_NAME = AppIcon;
				CLANG_ENABLE_MODULES = YES;
				CODE_SIGN_IDENTITY = "iPhone Developer";
				FRAMEWORK_SEARCH_PATHS = (
					"$(inherited)",
					"$(PROJECT_DIR)/build/Debug-iphoneos",
					"$(PROJECT_DIR)",
				);
				INFOPLIST_FILE = UIPageViewController/Info.plist;
				IPHONEOS_DEPLOYMENT_TARGET = 9.0;
				LD_RUNPATH_SEARCH_PATHS = "$(inherited) @executable_path/Frameworks";
				PRODUCT_BUNDLE_IDENTIFIER = com.synotive.recoveriescorp;
				PRODUCT_NAME = "Recoveries Connect";
				SWIFT_OBJC_BRIDGING_HEADER = "UIPageViewController/UIPageViewController-Bridging-Header.h";
			};
			name = Release;
		};
		78E75F5F1AC5FC48001A93F1 /* Debug */ = {
			isa = XCBuildConfiguration;
			buildSettings = {
				BUNDLE_LOADER = "$(TEST_HOST)";
				FRAMEWORK_SEARCH_PATHS = (
					"$(SDKROOT)/Developer/Library/Frameworks",
					"$(inherited)",
				);
				GCC_PREPROCESSOR_DEFINITIONS = (
					"DEBUG=1",
					"$(inherited)",
				);
				INFOPLIST_FILE = UIPageViewControllerTests/Info.plist;
				LD_RUNPATH_SEARCH_PATHS = "$(inherited) @executable_path/Frameworks @loader_path/Frameworks";
				PRODUCT_NAME = "$(TARGET_NAME)";
				TEST_HOST = "$(BUILT_PRODUCTS_DIR)/UIPageViewController.app/UIPageViewController";
			};
			name = Debug;
		};
		78E75F601AC5FC48001A93F1 /* Release */ = {
			isa = XCBuildConfiguration;
			buildSettings = {
				BUNDLE_LOADER = "$(TEST_HOST)";
				FRAMEWORK_SEARCH_PATHS = (
					"$(SDKROOT)/Developer/Library/Frameworks",
					"$(inherited)",
				);
				INFOPLIST_FILE = UIPageViewControllerTests/Info.plist;
				LD_RUNPATH_SEARCH_PATHS = "$(inherited) @executable_path/Frameworks @loader_path/Frameworks";
				PRODUCT_NAME = "$(TARGET_NAME)";
				TEST_HOST = "$(BUILT_PRODUCTS_DIR)/UIPageViewController.app/UIPageViewController";
			};
			name = Release;
		};
/* End XCBuildConfiguration section */

/* Begin XCConfigurationList section */
		78E75F371AC5FC48001A93F1 /* Build configuration list for PBXProject "UIPageViewController" */ = {
			isa = XCConfigurationList;
			buildConfigurations = (
				78E75F591AC5FC48001A93F1 /* Debug */,
				78E75F5A1AC5FC48001A93F1 /* Release */,
			);
			defaultConfigurationIsVisible = 0;
			defaultConfigurationName = Release;
		};
		78E75F5B1AC5FC48001A93F1 /* Build configuration list for PBXNativeTarget "UIPageViewController" */ = {
			isa = XCConfigurationList;
			buildConfigurations = (
				78E75F5C1AC5FC48001A93F1 /* Debug */,
				78E75F5D1AC5FC48001A93F1 /* Release */,
			);
			defaultConfigurationIsVisible = 0;
			defaultConfigurationName = Release;
		};
		78E75F5E1AC5FC48001A93F1 /* Build configuration list for PBXNativeTarget "UIPageViewControllerTests" */ = {
			isa = XCConfigurationList;
			buildConfigurations = (
				78E75F5F1AC5FC48001A93F1 /* Debug */,
				78E75F601AC5FC48001A93F1 /* Release */,
			);
			defaultConfigurationIsVisible = 0;
			defaultConfigurationName = Release;
		};
/* End XCConfigurationList section */
	};
	rootObject = 78E75F341AC5FC48001A93F1 /* Project object */;
}
